
Microsoft Visual Studio Solution File, Format Version 12.00
# Visual Studio Version 17
VisualStudioVersion = 17.11.35431.28
MinimumVisualStudioVersion = 10.0.40219.1
Project("{FAE04EC0-301F-11D3-BF4B-00C04F79EFBC}") = "CleanArchitectureTask.API", "CleanArchitectureTask.API\CleanArchitectureTask.API.csproj", "{F8C278B6-1BEE-4D94-843D-D0F322174D4C}"
EndProject
Project("{FAE04EC0-301F-11D3-BF4B-00C04F79EFBC}") = "CleanArchitectureTask.Domain", "CleanArchitectureTask.Domain\CleanArchitectureTask.Domain.csproj", "{A021761F-9905-4BAB-92BD-4D41835DC16E}"
EndProject
Project("{FAE04EC0-301F-11D3-BF4B-00C04F79EFBC}") = "CleanArchitectureTask.Application", "CleanArchitectureTask.Application\CleanArchitectureTask.Application.csproj", "{A5F7EFE0-2866-46BD-B508-5780E5FD8B85}"
EndProject
Project("{FAE04EC0-301F-11D3-BF4B-00C04F79EFBC}") = "CleanArchitectureTask.Infrastructure", "CleanArchitectureTask.Infrastructure\CleanArchitectureTask.Infrastructure.csproj", "{5EA85F68-740E-4DA6-84C1-CAFBDAC9765D}"
EndProject
Global
	GlobalSection(SolutionConfigurationPlatforms) = preSolution
		Debug|Any CPU = Debug|Any CPU
		Release|Any CPU = Release|Any CPU
	EndGlobalSection
	GlobalSection(ProjectConfigurationPlatforms) = postSolution
		{F8C278B6-1BEE-4D94-843D-D0F322174D4C}.Debug|Any CPU.ActiveCfg = Debug|Any CPU
		{F8C278B6-1BEE-4D94-843D-D0F322174D4C}.Debug|Any CPU.Build.0 = Debug|Any CPU
		{F8C278B6-1BEE-4D94-843D-D0F322174D4C}.Release|Any CPU.ActiveCfg = Release|Any CPU
		{F8C278B6-1BEE-4D94-843D-D0F322174D4C}.Release|Any CPU.Build.0 = Release|Any CPU
		{A021761F-9905-4BAB-92BD-4D41835DC16E}.Debug|Any CPU.ActiveCfg = Debug|Any CPU
		{A021761F-9905-4BAB-92BD-4D41835DC16E}.Debug|Any CPU.Build.0 = Debug|Any CPU
		{A021761F-9905-4BAB-92BD-4D41835DC16E}.Release|Any CPU.ActiveCfg = Release|Any CPU
		{A021761F-9905-4BAB-92BD-4D41835DC16E}.Release|Any CPU.Build.0 = Release|Any CPU
		{A5F7EFE0-2866-46BD-B508-5780E5FD8B85}.Debug|Any CPU.ActiveCfg = Debug|Any CPU
		{A5F7EFE0-2866-46BD-B508-5780E5FD8B85}.Debug|Any CPU.Build.0 = Debug|Any CPU
		{A5F7EFE0-2866-46BD-B508-5780E5FD8B85}.Release|Any CPU.ActiveCfg = Release|Any CPU
		{A5F7EFE0-2866-46BD-B508-5780E5FD8B85}.Release|Any CPU.Build.0 = Release|Any CPU
		{5EA85F68-740E-4DA6-84C1-CAFBDAC9765D}.Debug|Any CPU.ActiveCfg = Debug|Any CPU
		{5EA85F68-740E-4DA6-84C1-CAFBDAC9765D}.Debug|Any CPU.Build.0 = Debug|Any CPU
		{5EA85F68-740E-4DA6-84C1-CAFBDAC9765D}.Release|Any CPU.ActiveCfg = Release|Any CPU
		{5EA85F68-740E-4DA6-84C1-CAFBDAC9765D}.Release|Any CPU.Build.0 = Release|Any CPU
	EndGlobalSection
	GlobalSection(SolutionProperties) = preSolution
		HideSolutionNode = FALSE
	EndGlobalSection
	GlobalSection(ExtensibilityGlobals) = postSolution
		SolutionGuid = {50A5EB06-6D21-4E1C-A3E7-BD5D3A3E1065}
	EndGlobalSection
EndGlobal
